
Microsoft Visual Studio Solution File, Format Version 12.00
# Visual Studio 15
VisualStudioVersion = 15.0.27428.2027
MinimumVisualStudioVersion = 10.0.40219.1
Project("{D2ABAB84-BF74-430A-B69E-9DC6D40DDA17}") = "NAV_OLAP", "NAV_OLAP\NAV_OLAP.dwproj", "{7C5340A7-D1F9-46AF-A6E9-4437E7EE546B}"
EndProject
Global
	GlobalSection(SolutionConfigurationPlatforms) = preSolution
		Development|Default = Development|Default
	EndGlobalSection
	GlobalSection(ProjectConfigurationPlatforms) = postSolution
		{7C5340A7-D1F9-46AF-A6E9-4437E7EE546B}.Development|Default.ActiveCfg = Development
		{7C5340A7-D1F9-46AF-A6E9-4437E7EE546B}.Development|Default.Build.0 = Development
		{7C5340A7-D1F9-46AF-A6E9-4437E7EE546B}.Development|Default.Deploy.0 = Development
	EndGlobalSection
	GlobalSection(SolutionProperties) = preSolution
		HideSolutionNode = FALSE
	EndGlobalSection
	GlobalSection(ExtensibilityGlobals) = postSolution
		SolutionGuid = {5A0848F5-4C64-40C8-B417-E555A0694ECD}
	EndGlobalSection
EndGlobal
